
Microsoft Visual Studio Solution File, Format Version 12.00
# Visual Studio Version 17
VisualStudioVersion = 17.4.33205.214
MinimumVisualStudioVersion = 10.0.40219.1
Project("{FAE04EC0-301F-11D3-BF4B-00C04F79EFBC}") = "Association.API", "Association.API\Association.API.csproj", "{26D383E5-6D8C-46A7-8776-FC98C56C72B0}"
EndProject
Project("{FAE04EC0-301F-11D3-BF4B-00C04F79EFBC}") = "Association.Core", "Association.Core\Association.Core.csproj", "{7297C692-45B5-439D-8738-5F40B10C794F}"
EndProject
Project("{FAE04EC0-301F-11D3-BF4B-00C04F79EFBC}") = "Association.Service", "Association.Service\Association.Service.csproj", "{E264E1D4-681D-451D-97EC-84DBB96E0088}"
EndProject
Project("{FAE04EC0-301F-11D3-BF4B-00C04F79EFBC}") = "Association.Data", "Association.Data\Association.Data.csproj", "{DB714CCD-3F0E-4C24-8EB7-2896F96A0AE1}"
EndProject
Global
	GlobalSection(SolutionConfigurationPlatforms) = preSolution
		Debug|Any CPU = Debug|Any CPU
		Release|Any CPU = Release|Any CPU
	EndGlobalSection
	GlobalSection(ProjectConfigurationPlatforms) = postSolution
		{26D383E5-6D8C-46A7-8776-FC98C56C72B0}.Debug|Any CPU.ActiveCfg = Debug|Any CPU
		{26D383E5-6D8C-46A7-8776-FC98C56C72B0}.Debug|Any CPU.Build.0 = Debug|Any CPU
		{26D383E5-6D8C-46A7-8776-FC98C56C72B0}.Release|Any CPU.ActiveCfg = Release|Any CPU
		{26D383E5-6D8C-46A7-8776-FC98C56C72B0}.Release|Any CPU.Build.0 = Release|Any CPU
		{7297C692-45B5-439D-8738-5F40B10C794F}.Debug|Any CPU.ActiveCfg = Debug|Any CPU
		{7297C692-45B5-439D-8738-5F40B10C794F}.Debug|Any CPU.Build.0 = Debug|Any CPU
		{7297C692-45B5-439D-8738-5F40B10C794F}.Release|Any CPU.ActiveCfg = Release|Any CPU
		{7297C692-45B5-439D-8738-5F40B10C794F}.Release|Any CPU.Build.0 = Release|Any CPU
		{E264E1D4-681D-451D-97EC-84DBB96E0088}.Debug|Any CPU.ActiveCfg = Debug|Any CPU
		{E264E1D4-681D-451D-97EC-84DBB96E0088}.Debug|Any CPU.Build.0 = Debug|Any CPU
		{E264E1D4-681D-451D-97EC-84DBB96E0088}.Release|Any CPU.ActiveCfg = Release|Any CPU
		{E264E1D4-681D-451D-97EC-84DBB96E0088}.Release|Any CPU.Build.0 = Release|Any CPU
		{DB714CCD-3F0E-4C24-8EB7-2896F96A0AE1}.Debug|Any CPU.ActiveCfg = Debug|Any CPU
		{DB714CCD-3F0E-4C24-8EB7-2896F96A0AE1}.Debug|Any CPU.Build.0 = Debug|Any CPU
		{DB714CCD-3F0E-4C24-8EB7-2896F96A0AE1}.Release|Any CPU.ActiveCfg = Release|Any CPU
		{DB714CCD-3F0E-4C24-8EB7-2896F96A0AE1}.Release|Any CPU.Build.0 = Release|Any CPU
	EndGlobalSection
	GlobalSection(SolutionProperties) = preSolution
		HideSolutionNode = FALSE
	EndGlobalSection
	GlobalSection(ExtensibilityGlobals) = postSolution
		SolutionGuid = {78BFE6BE-B917-403D-9C09-F004EC66120E}
	EndGlobalSection
EndGlobal
